// !$*UTF8*$!
{
	archiveVersion = 1;
	classes = {
	};
	objectVersion = 48;
	objects = {

/* Begin PBXBuildFile section */
		F671463E20299FBD00AF911F /* AppDelegate.swift in Sources */ = {isa = PBXBuildFile; fileRef = F671463D20299FBD00AF911F /* AppDelegate.swift */; };
		F671464020299FBD00AF911F /* ViewController.swift in Sources */ = {isa = PBXBuildFile; fileRef = F671463F20299FBD00AF911F /* ViewController.swift */; };
		F671464320299FBD00AF911F /* Main.storyboard in Resources */ = {isa = PBXBuildFile; fileRef = F671464120299FBD00AF911F /* Main.storyboard */; };
		F671464520299FBD00AF911F /* Assets.xcassets in Resources */ = {isa = PBXBuildFile; fileRef = F671464420299FBD00AF911F /* Assets.xcassets */; };
		F671464820299FBD00AF911F /* LaunchScreen.storyboard in Resources */ = {isa = PBXBuildFile; fileRef = F671464620299FBD00AF911F /* LaunchScreen.storyboard */; };
		F671465320299FBD00AF911F /* DrivenTableViewDataSourceTests.swift in Sources */ = {isa = PBXBuildFile; fileRef = F671465220299FBD00AF911F /* DrivenTableViewDataSourceTests.swift */; };
/* End PBXBuildFile section */

/* Begin PBXContainerItemProxy section */
		F671464F20299FBD00AF911F /* PBXContainerItemProxy */ = {
			isa = PBXContainerItemProxy;
			containerPortal = F671463220299FBD00AF911F /* Project object */;
			proxyType = 1;
			remoteGlobalIDString = F671463920299FBD00AF911F;
			remoteInfo = DrivenTableViewDataSource;
		};
/* End PBXContainerItemProxy section */

/* Begin PBXFileReference section */
		F671463A20299FBD00AF911F /* DrivenTableViewDataSource.app */ = {isa = PBXFileReference; explicitFileType = wrapper.application; includeInIndex = 0; path = DrivenTableViewDataSource.app; sourceTree = BUILT_PRODUCTS_DIR; };
		F671463D20299FBD00AF911F /* AppDelegate.swift */ = {isa = PBXFileReference; lastKnownFileType = sourcecode.swift; path = AppDelegate.swift; sourceTree = "<group>"; };
		F671463F20299FBD00AF911F /* ViewController.swift */ = {isa = PBXFileReference; lastKnownFileType = sourcecode.swift; path = ViewController.swift; sourceTree = "<group>"; };
		F671464220299FBD00AF911F /* Base */ = {isa = PBXFileReference; lastKnownFileType = file.storyboard; name = Base; path = Base.lproj/Main.storyboard; sourceTree = "<group>"; };
		F671464420299FBD00AF911F /* Assets.xcassets */ = {isa = PBXFileReference; lastKnownFileType = folder.assetcatalog; path = Assets.xcassets; sourceTree = "<group>"; };
		F671464720299FBD00AF911F /* Base */ = {isa = PBXFileReference; lastKnownFileType = file.storyboard; name = Base; path = Base.lproj/LaunchScreen.storyboard; sourceTree = "<group>"; };
		F671464920299FBD00AF911F /* Info.plist */ = {isa = PBXFileReference; lastKnownFileType = text.plist.xml; path = Info.plist; sourceTree = "<group>"; };
		F671464E20299FBD00AF911F /* DrivenTableViewDataSourceTests.xctest */ = {isa = PBXFileReference; explicitFileType = wrapper.cfbundle; includeInIndex = 0; path = DrivenTableViewDataSourceTests.xctest; sourceTree = BUILT_PRODUCTS_DIR; };
		F671465220299FBD00AF911F /* DrivenTableViewDataSourceTests.swift */ = {isa = PBXFileReference; lastKnownFileType = sourcecode.swift; path = DrivenTableViewDataSourceTests.swift; sourceTree = "<group>"; };
		F671465420299FBD00AF911F /* Info.plist */ = {isa = PBXFileReference; lastKnownFileType = text.plist.xml; path = Info.plist; sourceTree = "<group>"; };
/* End PBXFileReference section */

/* Begin PBXFrameworksBuildPhase section */
		F671463720299FBD00AF911F /* Frameworks */ = {
			isa = PBXFrameworksBuildPhase;
			buildActionMask = 2147483647;
			files = (
			);
			runOnlyForDeploymentPostprocessing = 0;
		};
		F671464B20299FBD00AF911F /* Frameworks */ = {
			isa = PBXFrameworksBuildPhase;
			buildActionMask = 2147483647;
			files = (
			);
			runOnlyForDeploymentPostprocessing = 0;
		};
/* End PBXFrameworksBuildPhase section */

/* Begin PBXGroup section */
		F671463120299FBD00AF911F = {
			isa = PBXGroup;
			children = (
				F671463C20299FBD00AF911F /* DrivenTableViewDataSource */,
				F671465120299FBD00AF911F /* DrivenTableViewDataSourceTests */,
				F671463B20299FBD00AF911F /* Products */,
			);
			sourceTree = "<group>";
		};
		F671463B20299FBD00AF911F /* Products */ = {
			isa = PBXGroup;
			children = (
				F671463A20299FBD00AF911F /* DrivenTableViewDataSource.app */,
				F671464E20299FBD00AF911F /* DrivenTableViewDataSourceTests.xctest */,
			);
			name = Products;
			sourceTree = "<group>";
		};
		F671463C20299FBD00AF911F /* DrivenTableViewDataSource */ = {
			isa = PBXGroup;
			children = (
				F671463D20299FBD00AF911F /* AppDelegate.swift */,
				F671463F20299FBD00AF911F /* ViewController.swift */,
				F671464120299FBD00AF911F /* Main.storyboard */,
				F671464420299FBD00AF911F /* Assets.xcassets */,
				F671464620299FBD00AF911F /* LaunchScreen.storyboard */,
				F671464920299FBD00AF911F /* Info.plist */,
			);
			path = DrivenTableViewDataSource;
			sourceTree = "<group>";
		};
		F671465120299FBD00AF911F /* DrivenTableViewDataSourceTests */ = {
			isa = PBXGroup;
			children = (
				F671465220299FBD00AF911F /* DrivenTableViewDataSourceTests.swift */,
				F671465420299FBD00AF911F /* Info.plist */,
			);
			path = DrivenTableViewDataSourceTests;
			sourceTree = "<group>";
		};
/* End PBXGroup section */

/* Begin PBXNativeTarget section */
		F671463920299FBD00AF911F /* DrivenTableViewDataSource */ = {
			isa = PBXNativeTarget;
			buildConfigurationList = F671465720299FBD00AF911F /* Build configuration list for PBXNativeTarget "DrivenTableViewDataSource" */;
			buildPhases = (
				F671463620299FBD00AF911F /* Sources */,
				F671463720299FBD00AF911F /* Frameworks */,
				F671463820299FBD00AF911F /* Resources */,
			);
			buildRules = (
			);
			dependencies = (
			);
			name = DrivenTableViewDataSource;
			productName = DrivenTableViewDataSource;
			productReference = F671463A20299FBD00AF911F /* DrivenTableViewDataSource.app */;
			productType = "com.apple.product-type.application";
		};
		F671464D20299FBD00AF911F /* DrivenTableViewDataSourceTests */ = {
			isa = PBXNativeTarget;
			buildConfigurationList = F671465A20299FBD00AF911F /* Build configuration list for PBXNativeTarget "DrivenTableViewDataSourceTests" */;
			buildPhases = (
				F671464A20299FBD00AF911F /* Sources */,
				F671464B20299FBD00AF911F /* Frameworks */,
				F671464C20299FBD00AF911F /* Resources */,
			);
			buildRules = (
			);
			dependencies = (
				F671465020299FBD00AF911F /* PBXTargetDependency */,
			);
			name = DrivenTableViewDataSourceTests;
			productName = DrivenTableViewDataSourceTests;
			productReference = F671464E20299FBD00AF911F /* DrivenTableViewDataSourceTests.xctest */;
			productType = "com.apple.product-type.bundle.unit-test";
		};
/* End PBXNativeTarget section */

/* Begin PBXProject section */
		F671463220299FBD00AF911F /* Project object */ = {
			isa = PBXProject;
			attributes = {
				LastSwiftUpdateCheck = 0920;
				LastUpgradeCheck = 0920;
				ORGANIZATIONNAME = Rep;
				TargetAttributes = {
					F671463920299FBD00AF911F = {
						CreatedOnToolsVersion = 9.2;
						ProvisioningStyle = Automatic;
					};
					F671464D20299FBD00AF911F = {
						CreatedOnToolsVersion = 9.2;
						ProvisioningStyle = Automatic;
						TestTargetID = F671463920299FBD00AF911F;
					};
				};
			};
			buildConfigurationList = F671463520299FBD00AF911F /* Build configuration list for PBXProject "DrivenTableViewDataSource" */;
			compatibilityVersion = "Xcode 8.0";
			developmentRegion = en;
			hasScannedForEncodings = 0;
			knownRegions = (
				en,
				Base,
			);
			mainGroup = F671463120299FBD00AF911F;
			productRefGroup = F671463B20299FBD00AF911F /* Products */;
			projectDirPath = "";
			projectRoot = "";
			targets = (
				F671463920299FBD00AF911F /* DrivenTableViewDataSource */,
				F671464D20299FBD00AF911F /* DrivenTableViewDataSourceTests */,
			);
		};
/* End PBXProject section */

/* Begin PBXResourcesBuildPhase section */
		F671463820299FBD00AF911F /* Resources */ = {
			isa = PBXResourcesBuildPhase;
			buildActionMask = 2147483647;
			files = (
				F671464820299FBD00AF911F /* LaunchScreen.storyboard in Resources */,
				F671464520299FBD00AF911F /* Assets.xcassets in Resources */,
				F671464320299FBD00AF911F /* Main.storyboard in Resources */,
			);
			runOnlyForDeploymentPostprocessing = 0;
		};
		F671464C20299FBD00AF911F /* Resources */ = {
			isa = PBXResourcesBuildPhase;
			buildActionMask = 2147483647;
			files = (
			);
			runOnlyForDeploymentPostprocessing = 0;
		};
/* End PBXResourcesBuildPhase section */

/* Begin PBXSourcesBuildPhase section */
		F671463620299FBD00AF911F /* Sources */ = {
			isa = PBXSourcesBuildPhase;
			buildActionMask = 2147483647;
			files = (
				F671464020299FBD00AF911F /* ViewController.swift in Sources */,
				F671463E20299FBD00AF911F /* AppDelegate.swift in Sources */,
			);
			runOnlyForDeploymentPostprocessing = 0;
		};
		F671464A20299FBD00AF911F /* Sources */ = {
			isa = PBXSourcesBuildPhase;
			buildActionMask = 2147483647;
			files = (
				F671465320299FBD00AF911F /* DrivenTableViewDataSourceTests.swift in Sources */,
			);
			runOnlyForDeploymentPostprocessing = 0;
		};
/* End PBXSourcesBuildPhase section */

/* Begin PBXTargetDependency section */
		F671465020299FBD00AF911F /* PBXTargetDependency */ = {
			isa = PBXTargetDependency;
			target = F671463920299FBD00AF911F /* DrivenTableViewDataSource */;
			targetProxy = F671464F20299FBD00AF911F /* PBXContainerItemProxy */;
		};
/* End PBXTargetDependency section */

/* Begin PBXVariantGroup section */
		F671464120299FBD00AF911F /* Main.storyboard */ = {
			isa = PBXVariantGroup;
			children = (
				F671464220299FBD00AF911F /* Base */,
			);
			name = Main.storyboard;
			sourceTree = "<group>";
		};
		F671464620299FBD00AF911F /* LaunchScreen.storyboard */ = {
			isa = PBXVariantGroup;
			children = (
				F671464720299FBD00AF911F /* Base */,
			);
			name = LaunchScreen.storyboard;
			sourceTree = "<group>";
		};
/* End PBXVariantGroup section */

/* Begin XCBuildConfiguration section */
		F671465520299FBD00AF911F /* Debug */ = {
			isa = XCBuildConfiguration;
			buildSettings = {
				ALWAYS_SEARCH_USER_PATHS = NO;
				CLANG_ANALYZER_NONNULL = YES;
				CLANG_ANALYZER_NUMBER_OBJECT_CONVERSION = YES_AGGRESSIVE;
				CLANG_CXX_LANGUAGE_STANDARD = "gnu++14";
				CLANG_CXX_LIBRARY = "libc++";
				CLANG_ENABLE_MODULES = YES;
				CLANG_ENABLE_OBJC_ARC = YES;
				CLANG_WARN_BLOCK_CAPTURE_AUTORELEASING = YES;
				CLANG_WARN_BOOL_CONVERSION = YES;
				CLANG_WARN_COMMA = YES;
				CLANG_WARN_CONSTANT_CONVERSION = YES;
				CLANG_WARN_DIRECT_OBJC_ISA_USAGE = YES_ERROR;
				CLANG_WARN_DOCUMENTATION_COMMENTS = YES;
				CLANG_WARN_EMPTY_BODY = YES;
				CLANG_WARN_ENUM_CONVERSION = YES;
				CLANG_WARN_INFINITE_RECURSION = YES;
				CLANG_WARN_INT_CONVERSION = YES;
				CLANG_WARN_NON_LITERAL_NULL_CONVERSION = YES;
				CLANG_WARN_OBJC_LITERAL_CONVERSION = YES;
				CLANG_WARN_OBJC_ROOT_CLASS = YES_ERROR;
				CLANG_WARN_RANGE_LOOP_ANALYSIS = YES;
				CLANG_WARN_STRICT_PROTOTYPES = YES;
				CLANG_WARN_SUSPICIOUS_MOVE = YES;
				CLANG_WARN_UNGUARDED_AVAILABILITY = YES_AGGRESSIVE;
				CLANG_WARN_UNREACHABLE_CODE = YES;
				CLANG_WARN__DUPLICATE_METHOD_MATCH = YES;
				CODE_SIGN_IDENTITY = "iPhone Developer";
				COPY_PHASE_STRIP = NO;
				DEBUG_INFORMATION_FORMAT = dwarf;
				ENABLE_STRICT_OBJC_MSGSEND = YES;
				ENABLE_TESTABILITY = YES;
				GCC_C_LANGUAGE_STANDARD = gnu11;
				GCC_DYNAMIC_NO_PIC = NO;
				GCC_NO_COMMON_BLOCKS = YES;
				GCC_OPTIMIZATION_LEVEL = 0;
				GCC_PREPROCESSOR_DEFINITIONS = (
					"DEBUG=1",
					"$(inherited)",
				);
				GCC_WARN_64_TO_32_BIT_CONVERSION = YES;
				GCC_WARN_ABOUT_RETURN_TYPE = YES_ERROR;
				GCC_WARN_UNDECLARED_SELECTOR = YES;
				GCC_WARN_UNINITIALIZED_AUTOS = YES_AGGRESSIVE;
				GCC_WARN_UNUSED_FUNCTION = YES;
				GCC_WARN_UNUSED_VARIABLE = YES;
				IPHONEOS_DEPLOYMENT_TARGET = 11.2;
				MTL_ENABLE_DEBUG_INFO = YES;
				ONLY_ACTIVE_ARCH = YES;
				SDKROOT = iphoneos;
				SWIFT_ACTIVE_COMPILATION_CONDITIONS = DEBUG;
				SWIFT_OPTIMIZATION_LEVEL = "-Onone";
			};
			name = Debug;
		};
		F671465620299FBD00AF911F /* Release */ = {
			isa = XCBuildConfiguration;
			buildSettings = {
				ALWAYS_SEARCH_USER_PATHS = NO;
				CLANG_ANALYZER_NONNULL = YES;
				CLANG_ANALYZER_NUMBER_OBJECT_CONVERSION = YES_AGGRESSIVE;
				CLANG_CXX_LANGUAGE_STANDARD = "gnu++14";
				CLANG_CXX_LIBRARY = "libc++";
				CLANG_ENABLE_MODULES = YES;
				CLANG_ENABLE_OBJC_ARC = YES;
				CLANG_WARN_BLOCK_CAPTURE_AUTORELEASING = YES;
				CLANG_WARN_BOOL_CONVERSION = YES;
				CLANG_WARN_COMMA = YES;
				CLANG_WARN_CONSTANT_CONVERSION = YES;
				CLANG_WARN_DIRECT_OBJC_ISA_USAGE = YES_ERROR;
				CLANG_WARN_DOCUMENTATION_COMMENTS = YES;
				CLANG_WARN_EMPTY_BODY = YES;
				CLANG_WARN_ENUM_CONVERSION = YES;
				CLANG_WARN_INFINITE_RECURSION = YES;
				CLANG_WARN_INT_CONVERSION = YES;
				CLANG_WARN_NON_LITERAL_NULL_CONVERSION = YES;
				CLANG_WARN_OBJC_LITERAL_CONVERSION = YES;
				CLANG_WARN_OBJC_ROOT_CLASS = YES_ERROR;
				CLANG_WARN_RANGE_LOOP_ANALYSIS = YES;
				CLANG_WARN_STRICT_PROTOTYPES = YES;
				CLANG_WARN_SUSPICIOUS_MOVE = YES;
				CLANG_WARN_UNGUARDED_AVAILABILITY = YES_AGGRESSIVE;
				CLANG_WARN_UNREACHABLE_CODE = YES;
				CLANG_WARN__DUPLICATE_METHOD_MATCH = YES;
				CODE_SIGN_IDENTITY = "iPhone Developer";
				COPY_PHASE_STRIP = NO;
				DEBUG_INFORMATION_FORMAT = "dwarf-with-dsym";
				ENABLE_NS_ASSERTIONS = NO;
				ENABLE_STRICT_OBJC_MSGSEND = YES;
				GCC_C_LANGUAGE_STANDARD = gnu11;
				GCC_NO_COMMON_BLOCKS = YES;
				GCC_WARN_64_TO_32_BIT_CONVERSION = YES;
				GCC_WARN_ABOUT_RETURN_TYPE = YES_ERROR;
				GCC_WARN_UNDECLARED_SELECTOR = YES;
				GCC_WARN_UNINITIALIZED_AUTOS = YES_AGGRESSIVE;
				GCC_WARN_UNUSED_FUNCTION = YES;
				GCC_WARN_UNUSED_VARIABLE = YES;
				IPHONEOS_DEPLOYMENT_TARGET = 11.2;
				MTL_ENABLE_DEBUG_INFO = NO;
				SDKROOT = iphoneos;
				SWIFT_OPTIMIZATION_LEVEL = "-Owholemodule";
				VALIDATE_PRODUCT = YES;
			};
			name = Release;
		};
		F671465820299FBD00AF911F /* Debug */ = {
			isa = XCBuildConfiguration;
			buildSettings = {
				ASSETCATALOG_COMPILER_APPICON_NAME = AppIcon;
				CODE_SIGN_STYLE = Automatic;
				DEVELOPMENT_TEAM = MDX989Y6D8;
				INFOPLIST_FILE = DrivenTableViewDataSource/Info.plist;
				LD_RUNPATH_SEARCH_PATHS = "$(inherited) @executable_path/Frameworks";
				PRODUCT_BUNDLE_IDENTIFIER = com.rep.DrivenTableViewDataSource;
				PRODUCT_NAME = "$(TARGET_NAME)";
				SWIFT_VERSION = 4.0;
				TARGETED_DEVICE_FAMILY = "1,2";
			};
			name = Debug;
		};
		F671465920299FBD00AF911F /* Release */ = {
			isa = XCBuildConfiguration;
			buildSettings = {
				ASSETCATALOG_COMPILER_APPICON_NAME = AppIcon;
				CODE_SIGN_STYLE = Automatic;
				DEVELOPMENT_TEAM = MDX989Y6D8;
				INFOPLIST_FILE = DrivenTableViewDataSource/Info.plist;
				LD_RUNPATH_SEARCH_PATHS = "$(inherited) @executable_path/Frameworks";
				PRODUCT_BUNDLE_IDENTIFIER = com.rep.DrivenTableViewDataSource;
				PRODUCT_NAME = "$(TARGET_NAME)";
				SWIFT_VERSION = 4.0;
				TARGETED_DEVICE_FAMILY = "1,2";
			};
			name = Release;
		};
		F671465B20299FBD00AF911F /* Debug */ = {
			isa = XCBuildConfiguration;
			buildSettings = {
				ALWAYS_EMBED_SWIFT_STANDARD_LIBRARIES = YES;
				BUNDLE_LOADER = "$(TEST_HOST)";
				CODE_SIGN_STYLE = Automatic;
				DEVELOPMENT_TEAM = MDX989Y6D8;
				INFOPLIST_FILE = DrivenTableViewDataSourceTests/Info.plist;
				LD_RUNPATH_SEARCH_PATHS = "$(inherited) @executable_path/Frameworks @loader_path/Frameworks";
				PRODUCT_BUNDLE_IDENTIFIER = com.rep.DrivenTableViewDataSourceTests;
				PRODUCT_NAME = "$(TARGET_NAME)";
				SWIFT_VERSION = 4.0;
				TARGETED_DEVICE_FAMILY = "1,2";
				TEST_HOST = "$(BUILT_PRODUCTS_DIR)/DrivenTableViewDataSource.app/DrivenTableViewDataSource";
			};
			name = Debug;
		};
		F671465C20299FBD00AF911F /* Release */ = {
			isa = XCBuildConfiguration;
			buildSettings = {
				ALWAYS_EMBED_SWIFT_STANDARD_LIBRARIES = YES;
				BUNDLE_LOADER = "$(TEST_HOST)";
				CODE_SIGN_STYLE = Automatic;
				DEVELOPMENT_TEAM = MDX989Y6D8;
				INFOPLIST_FILE = DrivenTableViewDataSourceTests/Info.plist;
				LD_RUNPATH_SEARCH_PATHS = "$(inherited) @executable_path/Frameworks @loader_path/Frameworks";
				PRODUCT_BUNDLE_IDENTIFIER = com.rep.DrivenTableViewDataSourceTests;
				PRODUCT_NAME = "$(TARGET_NAME)";
				SWIFT_VERSION = 4.0;
				TARGETED_DEVICE_FAMILY = "1,2";
				TEST_HOST = "$(BUILT_PRODUCTS_DIR)/DrivenTableViewDataSource.app/DrivenTableViewDataSource";
			};
			name = Release;
		};
/* End XCBuildConfiguration section */

/* Begin XCConfigurationList section */
		F671463520299FBD00AF911F /* Build configuration list for PBXProject "DrivenTableViewDataSource" */ = {
			isa = XCConfigurationList;
			buildConfigurations = (
				F671465520299FBD00AF911F /* Debug */,
				F671465620299FBD00AF911F /* Release */,
			);
			defaultConfigurationIsVisible = 0;
			defaultConfigurationName = Release;
		};
		F671465720299FBD00AF911F /* Build configuration list for PBXNativeTarget "DrivenTableViewDataSource" */ = {
			isa = XCConfigurationList;
			buildConfigurations = (
				F671465820299FBD00AF911F /* Debug */,
				F671465920299FBD00AF911F /* Release */,
			);
			defaultConfigurationIsVisible = 0;
			defaultConfigurationName = Release;
		};
		F671465A20299FBD00AF911F /* Build configuration list for PBXNativeTarget "DrivenTableViewDataSourceTests" */ = {
			isa = XCConfigurationList;
			buildConfigurations = (
				F671465B20299FBD00AF911F /* Debug */,
				F671465C20299FBD00AF911F /* Release */,
			);
			defaultConfigurationIsVisible = 0;
			defaultConfigurationName = Release;
		};
/* End XCConfigurationList section */
	};
	rootObject = F671463220299FBD00AF911F /* Project object */;
}
